{
  "name": "project-context-protocol",
  "version": "2.0.0",
  "lockfileVersion": 3,
  "requires": true,
  "packages": {
    "": {
      "name": "project-context-protocol",
      "version": "2.0.0",
      "license": "MIT",
      "dependencies": {
        "commander": "^12.1.0",
        "csv-stringify": "^6.8.3"
      },
      "bin": {
        "project-context": "bin/cli.js"
      }
    },
    "node_modules/commander": {
      "version": "12.1.0",
      "resolved": "https://registry.npmjs.org/commander/-/commander-12.1.0.tgz",
      "integrity": "sha512-Vw8qHK3bZM9y/P10u3Vib8o/DdkvA2OtPtZvD871QKjy74Wj1WSKFILMPRPSdUSx5RFK1arlJzEtA4PkFgnbuA==",
      "license": "MIT",
      "engines": {
        "node": ">=18"
      }
    },
    "node_modules/csv-stringify": {
      "version": "6.8.3",
      "resolved": "https://registry.npmjs.org/csv-stringify/-/csv-stringify-6.8.3.tgz",
      "integrity": "sha512-gIeSCvq5F4VtXV3naV3VAewLhBkiZBz+PPhTOA8H3Y8h/ELa+R1ml0GZck/4/Nzo9ep2lvOluilJ6MJlbZsKMA==",
      "license": "MIT"
    }
  }
}
